
Microsoft Visual Studio Solution File, Format Version 12.00
# Visual Studio 14
VisualStudioVersion = 14.0.25420.1
MinimumVisualStudioVersion = 10.0.40219.1
Project("{FAE04EC0-301F-11D3-BF4B-00C04F79EFBC}") = "JeuDes", "JeuDes\JeuDes.csproj", "{FB6F3F69-AC3A-4562-9AE5-DEEDA4643ED0}"
EndProject
Project("{FAE04EC0-301F-11D3-BF4B-00C04F79EFBC}") = "Testeur0", "Testeur0\Testeur0.csproj", "{01D90BB9-DBA6-4D70-B1D9-516DAAB81F76}"
EndProject
Global
	GlobalSection(SolutionConfigurationPlatforms) = preSolution
		Debug|Any CPU = Debug|Any CPU
		Release|Any CPU = Release|Any CPU
	EndGlobalSection
	GlobalSection(ProjectConfigurationPlatforms) = postSolution
		{FB6F3F69-AC3A-4562-9AE5-DEEDA4643ED0}.Debug|Any CPU.ActiveCfg = Debug|Any CPU
		{FB6F3F69-AC3A-4562-9AE5-DEEDA4643ED0}.Debug|Any CPU.Build.0 = Debug|Any CPU
		{FB6F3F69-AC3A-4562-9AE5-DEEDA4643ED0}.Release|Any CPU.ActiveCfg = Release|Any CPU
		{FB6F3F69-AC3A-4562-9AE5-DEEDA4643ED0}.Release|Any CPU.Build.0 = Release|Any CPU
		{01D90BB9-DBA6-4D70-B1D9-516DAAB81F76}.Debug|Any CPU.ActiveCfg = Debug|Any CPU
		{01D90BB9-DBA6-4D70-B1D9-516DAAB81F76}.Debug|Any CPU.Build.0 = Debug|Any CPU
		{01D90BB9-DBA6-4D70-B1D9-516DAAB81F76}.Release|Any CPU.ActiveCfg = Release|Any CPU
		{01D90BB9-DBA6-4D70-B1D9-516DAAB81F76}.Release|Any CPU.Build.0 = Release|Any CPU
	EndGlobalSection
	GlobalSection(SolutionProperties) = preSolution
		HideSolutionNode = FALSE
	EndGlobalSection
EndGlobal
